
Microsoft Visual Studio Solution File, Format Version 12.00
# Visual Studio Version 17
VisualStudioVersion = 17.13.35818.85 d17.13
MinimumVisualStudioVersion = 10.0.40219.1
Project("{FAE04EC0-301F-11D3-BF4B-00C04F79EFBC}") = "libparse", "libparse\libparse.csproj", "{10D647EA-F240-4481-AB19-88A1B539BAFA}"
EndProject
Global
	GlobalSection(SolutionConfigurationPlatforms) = preSolution
		Debug|Any CPU = Debug|Any CPU
		Release|Any CPU = Release|Any CPU
	EndGlobalSection
	GlobalSection(ProjectConfigurationPlatforms) = postSolution
		{10D647EA-F240-4481-AB19-88A1B539BAFA}.Debug|Any CPU.ActiveCfg = Debug|Any CPU
		{10D647EA-F240-4481-AB19-88A1B539BAFA}.Debug|Any CPU.Build.0 = Debug|Any CPU
		{10D647EA-F240-4481-AB19-88A1B539BAFA}.Release|Any CPU.ActiveCfg = Release|Any CPU
		{10D647EA-F240-4481-AB19-88A1B539BAFA}.Release|Any CPU.Build.0 = Release|Any CPU
	EndGlobalSection
	GlobalSection(SolutionProperties) = preSolution
		HideSolutionNode = FALSE
	EndGlobalSection
	GlobalSection(ExtensibilityGlobals) = postSolution
		SolutionGuid = {D998C501-E561-401D-AC69-48671AFF736A}
	EndGlobalSection
EndGlobal
